
Microsoft Visual Studio Solution File, Format Version 12.00
# Visual Studio 15
VisualStudioVersion = 15.0.28307.572
MinimumVisualStudioVersion = 10.0.40219.1
Project("{FAE04EC0-301F-11D3-BF4B-00C04F79EFBC}") = "Demo", "Demo\Demo.csproj", "{C8CE16D6-9325-4D93-B19E-45D03AF01AF5}"
EndProject
Global
	GlobalSection(SolutionConfigurationPlatforms) = preSolution
		Debug|Any CPU = Debug|Any CPU
		Release|Any CPU = Release|Any CPU
	EndGlobalSection
	GlobalSection(ProjectConfigurationPlatforms) = postSolution
		{C8CE16D6-9325-4D93-B19E-45D03AF01AF5}.Debug|Any CPU.ActiveCfg = Debug|Any CPU
		{C8CE16D6-9325-4D93-B19E-45D03AF01AF5}.Debug|Any CPU.Build.0 = Debug|Any CPU
		{C8CE16D6-9325-4D93-B19E-45D03AF01AF5}.Release|Any CPU.ActiveCfg = Release|Any CPU
		{C8CE16D6-9325-4D93-B19E-45D03AF01AF5}.Release|Any CPU.Build.0 = Release|Any CPU
	EndGlobalSection
	GlobalSection(SolutionProperties) = preSolution
		HideSolutionNode = FALSE
	EndGlobalSection
	GlobalSection(ExtensibilityGlobals) = postSolution
		SolutionGuid = {858E5A7B-B646-41ED-A215-9F750F674F04}
	EndGlobalSection
EndGlobal
